
Microsoft Visual Studio Solution File, Format Version 12.00
# Visual Studio Version 16
VisualStudioVersion = 16.0.31205.134
MinimumVisualStudioVersion = 10.0.40219.1
Project("{9A19103F-16F7-4668-BE54-9A1E7A4F7556}") = "Calculator.Tests", "tests\Calculator.Tests\Calculator.Tests.csproj", "{51BC525A-FC61-4E7C-9E62-E16B274B5CD6}"
EndProject
Project("{9A19103F-16F7-4668-BE54-9A1E7A4F7556}") = "Calculator", "src\Calculator\Calculator.csproj", "{A0A7ED18-6A87-4B41-9C61-348E13244AAB}"
EndProject
Global
	GlobalSection(SolutionConfigurationPlatforms) = preSolution
		Debug|Any CPU = Debug|Any CPU
		Release|Any CPU = Release|Any CPU
	EndGlobalSection
	GlobalSection(ProjectConfigurationPlatforms) = postSolution
		{51BC525A-FC61-4E7C-9E62-E16B274B5CD6}.Debug|Any CPU.ActiveCfg = Debug|Any CPU
		{51BC525A-FC61-4E7C-9E62-E16B274B5CD6}.Debug|Any CPU.Build.0 = Debug|Any CPU
		{51BC525A-FC61-4E7C-9E62-E16B274B5CD6}.Release|Any CPU.ActiveCfg = Release|Any CPU
		{51BC525A-FC61-4E7C-9E62-E16B274B5CD6}.Release|Any CPU.Build.0 = Release|Any CPU
		{A0A7ED18-6A87-4B41-9C61-348E13244AAB}.Debug|Any CPU.ActiveCfg = Debug|Any CPU
		{A0A7ED18-6A87-4B41-9C61-348E13244AAB}.Debug|Any CPU.Build.0 = Debug|Any CPU
		{A0A7ED18-6A87-4B41-9C61-348E13244AAB}.Release|Any CPU.ActiveCfg = Release|Any CPU
		{A0A7ED18-6A87-4B41-9C61-348E13244AAB}.Release|Any CPU.Build.0 = Release|Any CPU
	EndGlobalSection
	GlobalSection(SolutionProperties) = preSolution
		HideSolutionNode = FALSE
	EndGlobalSection
	GlobalSection(ExtensibilityGlobals) = postSolution
		SolutionGuid = {84FE723C-F9FD-4F00-97B6-C63B1780EA01}
	EndGlobalSection
EndGlobal
