
Microsoft Visual Studio Solution File, Format Version 12.00
# Visual Studio Version 16
VisualStudioVersion = 16.0.31205.134
MinimumVisualStudioVersion = 10.0.40219.1
Project("{FAE04EC0-301F-11D3-BF4B-00C04F79EFBC}") = "Calculator", "GithubActionsTestProjectDotNet\Calculator.csproj", "{0C124BED-4A25-4AA7-87A2-759AF3DAEF2F}"
EndProject
Project("{FAE04EC0-301F-11D3-BF4B-00C04F79EFBC}") = "CalculatorTests", "CalculatorTests\CalculatorTests.csproj", "{6CCED1C3-6FAE-4AD8-9225-4AB61CD3B56F}"
EndProject
Global
	GlobalSection(SolutionConfigurationPlatforms) = preSolution
		Debug|Any CPU = Debug|Any CPU
		Release|Any CPU = Release|Any CPU
	EndGlobalSection
	GlobalSection(ProjectConfigurationPlatforms) = postSolution
		{0C124BED-4A25-4AA7-87A2-759AF3DAEF2F}.Debug|Any CPU.ActiveCfg = Debug|Any CPU
		{0C124BED-4A25-4AA7-87A2-759AF3DAEF2F}.Debug|Any CPU.Build.0 = Debug|Any CPU
		{0C124BED-4A25-4AA7-87A2-759AF3DAEF2F}.Release|Any CPU.ActiveCfg = Release|Any CPU
		{0C124BED-4A25-4AA7-87A2-759AF3DAEF2F}.Release|Any CPU.Build.0 = Release|Any CPU
		{6CCED1C3-6FAE-4AD8-9225-4AB61CD3B56F}.Debug|Any CPU.ActiveCfg = Debug|Any CPU
		{6CCED1C3-6FAE-4AD8-9225-4AB61CD3B56F}.Debug|Any CPU.Build.0 = Debug|Any CPU
		{6CCED1C3-6FAE-4AD8-9225-4AB61CD3B56F}.Release|Any CPU.ActiveCfg = Release|Any CPU
		{6CCED1C3-6FAE-4AD8-9225-4AB61CD3B56F}.Release|Any CPU.Build.0 = Release|Any CPU
	EndGlobalSection
	GlobalSection(SolutionProperties) = preSolution
		HideSolutionNode = FALSE
	EndGlobalSection
	GlobalSection(ExtensibilityGlobals) = postSolution
		SolutionGuid = {84FE723C-F9FD-4F00-97B6-C63B1780EA01}
	EndGlobalSection
EndGlobal
